{
  "name": "chatapp-1",
  "version": "1.0.0",
  "lockfileVersion": 3,
  "requires": true,
  "packages": {
    "": {
      "name": "chatapp-1",
      "version": "1.0.0",
      "license": "ISC",
      "dependencies": {
        "chatapp-1": "file:"
      }
    },
    "node_modules/chatapp-1": {
      "resolved": "",
      "link": true
    }
  }
}
